// !$*UTF8*$!
{
	archiveVersion = 1;
	classes = {
	};
	objectVersion = 55;
	objects = {

/* Begin PBXBuildFile section */
		4D0E7D6229E81C1700CE7D7A /* MainViewController.swift in Sources */ = {isa = PBXBuildFile; fileRef = 4D0E7D6029E81C1700CE7D7A /* MainViewController.swift */; };
		4D0E7D6329E81C1700CE7D7A /* MainViewController.xib in Resources */ = {isa = PBXBuildFile; fileRef = 4D0E7D6129E81C1700CE7D7A /* MainViewController.xib */; };
		4D4245E529E879CA004439EA /* MainViewModel.swift in Sources */ = {isa = PBXBuildFile; fileRef = 4D4245E429E879CA004439EA /* MainViewModel.swift */; };
		4DA88CDE29E7C44F00CEAF63 /* AppDelegate.swift in Sources */ = {isa = PBXBuildFile; fileRef = 4DA88CDD29E7C44F00CEAF63 /* AppDelegate.swift */; };
		4DA88CE729E7C45400CEAF63 /* Assets.xcassets in Resources */ = {isa = PBXBuildFile; fileRef = 4DA88CE629E7C45400CEAF63 /* Assets.xcassets */; };
		4DA88CEA29E7C45400CEAF63 /* LaunchScreen.storyboard in Resources */ = {isa = PBXBuildFile; fileRef = 4DA88CE829E7C45400CEAF63 /* LaunchScreen.storyboard */; };
		4DE8457929E829D4000D1D85 /* MainViewController+TableView.swift in Sources */ = {isa = PBXBuildFile; fileRef = 4DE8457829E829D4000D1D85 /* MainViewController+TableView.swift */; };
/* End PBXBuildFile section */

/* Begin PBXFileReference section */
		4D0E7D6029E81C1700CE7D7A /* MainViewController.swift */ = {isa = PBXFileReference; lastKnownFileType = sourcecode.swift; path = MainViewController.swift; sourceTree = "<group>"; };
		4D0E7D6129E81C1700CE7D7A /* MainViewController.xib */ = {isa = PBXFileReference; lastKnownFileType = file.xib; path = MainViewController.xib; sourceTree = "<group>"; };
		4D4245E429E879CA004439EA /* MainViewModel.swift */ = {isa = PBXFileReference; lastKnownFileType = sourcecode.swift; path = MainViewModel.swift; sourceTree = "<group>"; };
		4DA88CDA29E7C44F00CEAF63 /* TrendingMovies-MVVM.app */ = {isa = PBXFileReference; explicitFileType = wrapper.application; includeInIndex = 0; path = "TrendingMovies-MVVM.app"; sourceTree = BUILT_PRODUCTS_DIR; };
		4DA88CDD29E7C44F00CEAF63 /* AppDelegate.swift */ = {isa = PBXFileReference; lastKnownFileType = sourcecode.swift; path = AppDelegate.swift; sourceTree = "<group>"; };
		4DA88CE629E7C45400CEAF63 /* Assets.xcassets */ = {isa = PBXFileReference; lastKnownFileType = folder.assetcatalog; path = Assets.xcassets; sourceTree = "<group>"; };
		4DA88CE929E7C45400CEAF63 /* Base */ = {isa = PBXFileReference; lastKnownFileType = file.storyboard; name = Base; path = Base.lproj/LaunchScreen.storyboard; sourceTree = "<group>"; };
		4DA88CEB29E7C45400CEAF63 /* Info.plist */ = {isa = PBXFileReference; lastKnownFileType = text.plist.xml; path = Info.plist; sourceTree = "<group>"; };
		4DE8457829E829D4000D1D85 /* MainViewController+TableView.swift */ = {isa = PBXFileReference; lastKnownFileType = sourcecode.swift; path = "MainViewController+TableView.swift"; sourceTree = "<group>"; };
/* End PBXFileReference section */

/* Begin PBXFrameworksBuildPhase section */
		4DA88CD729E7C44F00CEAF63 /* Frameworks */ = {
			isa = PBXFrameworksBuildPhase;
			buildActionMask = 2147483647;
			files = (
			);
			runOnlyForDeploymentPostprocessing = 0;
		};
/* End PBXFrameworksBuildPhase section */

/* Begin PBXGroup section */
		4D0E7D5F29E81BFC00CE7D7A /* MainViewController */ = {
			isa = PBXGroup;
			children = (
				4D0E7D6029E81C1700CE7D7A /* MainViewController.swift */,
				4D0E7D6129E81C1700CE7D7A /* MainViewController.xib */,
				4DE8457829E829D4000D1D85 /* MainViewController+TableView.swift */,
			);
			path = MainViewController;
			sourceTree = "<group>";
		};
		4D0E7D6429E81FB900CE7D7A /* Model */ = {
			isa = PBXGroup;
			children = (
			);
			path = Model;
			sourceTree = "<group>";
		};
		4D0E7D6529E81FBF00CE7D7A /* ViewModel */ = {
			isa = PBXGroup;
			children = (
				4D4245E429E879CA004439EA /* MainViewModel.swift */,
			);
			path = ViewModel;
			sourceTree = "<group>";
		};
		4D0E7D6629E81FC900CE7D7A /* View */ = {
			isa = PBXGroup;
			children = (
				4DA88CE829E7C45400CEAF63 /* LaunchScreen.storyboard */,
			);
			path = View;
			sourceTree = "<group>";
		};
		4D0E7D6729E81FDB00CE7D7A /* Controllers */ = {
			isa = PBXGroup;
			children = (
				4D0E7D5F29E81BFC00CE7D7A /* MainViewController */,
			);
			path = Controllers;
			sourceTree = "<group>";
		};
		4D0E7D6829E81FE700CE7D7A /* Classes */ = {
			isa = PBXGroup;
			children = (
			);
			path = Classes;
			sourceTree = "<group>";
		};
		4D0E7D6929E81FEF00CE7D7A /* Resources */ = {
			isa = PBXGroup;
			children = (
				4DA88CE629E7C45400CEAF63 /* Assets.xcassets */,
			);
			path = Resources;
			sourceTree = "<group>";
		};
		4D0E7D6A29E81FFA00CE7D7A /* Extensions */ = {
			isa = PBXGroup;
			children = (
			);
			path = Extensions;
			sourceTree = "<group>";
		};
		4D0E7D6B29E8200300CE7D7A /* Networking */ = {
			isa = PBXGroup;
			children = (
			);
			path = Networking;
			sourceTree = "<group>";
		};
		4DA88CD129E7C44F00CEAF63 = {
			isa = PBXGroup;
			children = (
				4DA88CDC29E7C44F00CEAF63 /* TrendingMovies-MVVM */,
				4DA88CDB29E7C44F00CEAF63 /* Products */,
			);
			sourceTree = "<group>";
		};
		4DA88CDB29E7C44F00CEAF63 /* Products */ = {
			isa = PBXGroup;
			children = (
				4DA88CDA29E7C44F00CEAF63 /* TrendingMovies-MVVM.app */,
			);
			name = Products;
			sourceTree = "<group>";
		};
		4DA88CDC29E7C44F00CEAF63 /* TrendingMovies-MVVM */ = {
			isa = PBXGroup;
			children = (
				4D0E7D6B29E8200300CE7D7A /* Networking */,
				4D0E7D6A29E81FFA00CE7D7A /* Extensions */,
				4D0E7D6929E81FEF00CE7D7A /* Resources */,
				4D0E7D6829E81FE700CE7D7A /* Classes */,
				4D0E7D6729E81FDB00CE7D7A /* Controllers */,
				4D0E7D6629E81FC900CE7D7A /* View */,
				4D0E7D6529E81FBF00CE7D7A /* ViewModel */,
				4D0E7D6429E81FB900CE7D7A /* Model */,
				4DA88CDD29E7C44F00CEAF63 /* AppDelegate.swift */,
				4DA88CEB29E7C45400CEAF63 /* Info.plist */,
			);
			path = "TrendingMovies-MVVM";
			sourceTree = "<group>";
		};
/* End PBXGroup section */

/* Begin PBXNativeTarget section */
		4DA88CD929E7C44F00CEAF63 /* TrendingMovies-MVVM */ = {
			isa = PBXNativeTarget;
			buildConfigurationList = 4DA88CEE29E7C45400CEAF63 /* Build configuration list for PBXNativeTarget "TrendingMovies-MVVM" */;
			buildPhases = (
				4DA88CD629E7C44F00CEAF63 /* Sources */,
				4DA88CD729E7C44F00CEAF63 /* Frameworks */,
				4DA88CD829E7C44F00CEAF63 /* Resources */,
			);
			buildRules = (
			);
			dependencies = (
			);
			name = "TrendingMovies-MVVM";
			productName = "TrendingMovies-MVVM";
			productReference = 4DA88CDA29E7C44F00CEAF63 /* TrendingMovies-MVVM.app */;
			productType = "com.apple.product-type.application";
		};
/* End PBXNativeTarget section */

/* Begin PBXProject section */
		4DA88CD229E7C44F00CEAF63 /* Project object */ = {
			isa = PBXProject;
			attributes = {
				BuildIndependentTargetsInParallel = 1;
				LastSwiftUpdateCheck = 1330;
				LastUpgradeCheck = 1330;
				TargetAttributes = {
					4DA88CD929E7C44F00CEAF63 = {
						CreatedOnToolsVersion = 13.3.1;
					};
				};
			};
			buildConfigurationList = 4DA88CD529E7C44F00CEAF63 /* Build configuration list for PBXProject "TrendingMovies-MVVM" */;
			compatibilityVersion = "Xcode 13.0";
			developmentRegion = en;
			hasScannedForEncodings = 0;
			knownRegions = (
				en,
				Base,
			);
			mainGroup = 4DA88CD129E7C44F00CEAF63;
			productRefGroup = 4DA88CDB29E7C44F00CEAF63 /* Products */;
			projectDirPath = "";
			projectRoot = "";
			targets = (
				4DA88CD929E7C44F00CEAF63 /* TrendingMovies-MVVM */,
			);
		};
/* End PBXProject section */

/* Begin PBXResourcesBuildPhase section */
		4DA88CD829E7C44F00CEAF63 /* Resources */ = {
			isa = PBXResourcesBuildPhase;
			buildActionMask = 2147483647;
			files = (
				4DA88CEA29E7C45400CEAF63 /* LaunchScreen.storyboard in Resources */,
				4D0E7D6329E81C1700CE7D7A /* MainViewController.xib in Resources */,
				4DA88CE729E7C45400CEAF63 /* Assets.xcassets in Resources */,
			);
			runOnlyForDeploymentPostprocessing = 0;
		};
/* End PBXResourcesBuildPhase section */

/* Begin PBXSourcesBuildPhase section */
		4DA88CD629E7C44F00CEAF63 /* Sources */ = {
			isa = PBXSourcesBuildPhase;
			buildActionMask = 2147483647;
			files = (
				4DA88CDE29E7C44F00CEAF63 /* AppDelegate.swift in Sources */,
				4DE8457929E829D4000D1D85 /* MainViewController+TableView.swift in Sources */,
				4D0E7D6229E81C1700CE7D7A /* MainViewController.swift in Sources */,
				4D4245E529E879CA004439EA /* MainViewModel.swift in Sources */,
			);
			runOnlyForDeploymentPostprocessing = 0;
		};
/* End PBXSourcesBuildPhase section */

/* Begin PBXVariantGroup section */
		4DA88CE829E7C45400CEAF63 /* LaunchScreen.storyboard */ = {
			isa = PBXVariantGroup;
			children = (
				4DA88CE929E7C45400CEAF63 /* Base */,
			);
			name = LaunchScreen.storyboard;
			sourceTree = "<group>";
		};
/* End PBXVariantGroup section */

/* Begin XCBuildConfiguration section */
		4DA88CEC29E7C45400CEAF63 /* Debug */ = {
			isa = XCBuildConfiguration;
			buildSettings = {
				ALWAYS_SEARCH_USER_PATHS = NO;
				CLANG_ANALYZER_NONNULL = YES;
				CLANG_ANALYZER_NUMBER_OBJECT_CONVERSION = YES_AGGRESSIVE;
				CLANG_CXX_LANGUAGE_STANDARD = "gnu++17";
				CLANG_ENABLE_MODULES = YES;
				CLANG_ENABLE_OBJC_ARC = YES;
				CLANG_ENABLE_OBJC_WEAK = YES;
				CLANG_WARN_BLOCK_CAPTURE_AUTORELEASING = YES;
				CLANG_WARN_BOOL_CONVERSION = YES;
				CLANG_WARN_COMMA = YES;
				CLANG_WARN_CONSTANT_CONVERSION = YES;
				CLANG_WARN_DEPRECATED_OBJC_IMPLEMENTATIONS = YES;
				CLANG_WARN_DIRECT_OBJC_ISA_USAGE = YES_ERROR;
				CLANG_WARN_DOCUMENTATION_COMMENTS = YES;
				CLANG_WARN_EMPTY_BODY = YES;
				CLANG_WARN_ENUM_CONVERSION = YES;
				CLANG_WARN_INFINITE_RECURSION = YES;
				CLANG_WARN_INT_CONVERSION = YES;
				CLANG_WARN_NON_LITERAL_NULL_CONVERSION = YES;
				CLANG_WARN_OBJC_IMPLICIT_RETAIN_SELF = YES;
				CLANG_WARN_OBJC_LITERAL_CONVERSION = YES;
				CLANG_WARN_OBJC_ROOT_CLASS = YES_ERROR;
				CLANG_WARN_QUOTED_INCLUDE_IN_FRAMEWORK_HEADER = YES;
				CLANG_WARN_RANGE_LOOP_ANALYSIS = YES;
				CLANG_WARN_STRICT_PROTOTYPES = YES;
				CLANG_WARN_SUSPICIOUS_MOVE = YES;
				CLANG_WARN_UNGUARDED_AVAILABILITY = YES_AGGRESSIVE;
				CLANG_WARN_UNREACHABLE_CODE = YES;
				CLANG_WARN__DUPLICATE_METHOD_MATCH = YES;
				COPY_PHASE_STRIP = NO;
				DEBUG_INFORMATION_FORMAT = dwarf;
				ENABLE_STRICT_OBJC_MSGSEND = YES;
				ENABLE_TESTABILITY = YES;
				GCC_C_LANGUAGE_STANDARD = gnu11;
				GCC_DYNAMIC_NO_PIC = NO;
				GCC_NO_COMMON_BLOCKS = YES;
				GCC_OPTIMIZATION_LEVEL = 0;
				GCC_PREPROCESSOR_DEFINITIONS = (
					"DEBUG=1",
					"$(inherited)",
				);
				GCC_WARN_64_TO_32_BIT_CONVERSION = YES;
				GCC_WARN_ABOUT_RETURN_TYPE = YES_ERROR;
				GCC_WARN_UNDECLARED_SELECTOR = YES;
				GCC_WARN_UNINITIALIZED_AUTOS = YES_AGGRESSIVE;
				GCC_WARN_UNUSED_FUNCTION = YES;
				GCC_WARN_UNUSED_VARIABLE = YES;
				IPHONEOS_DEPLOYMENT_TARGET = 15.4;
				MTL_ENABLE_DEBUG_INFO = INCLUDE_SOURCE;
				MTL_FAST_MATH = YES;
				ONLY_ACTIVE_ARCH = YES;
				SDKROOT = iphoneos;
				SWIFT_ACTIVE_COMPILATION_CONDITIONS = DEBUG;
				SWIFT_OPTIMIZATION_LEVEL = "-Onone";
			};
			name = Debug;
		};
		4DA88CED29E7C45400CEAF63 /* Release */ = {
			isa = XCBuildConfiguration;
			buildSettings = {
				ALWAYS_SEARCH_USER_PATHS = NO;
				CLANG_ANALYZER_NONNULL = YES;
				CLANG_ANALYZER_NUMBER_OBJECT_CONVERSION = YES_AGGRESSIVE;
				CLANG_CXX_LANGUAGE_STANDARD = "gnu++17";
				CLANG_ENABLE_MODULES = YES;
				CLANG_ENABLE_OBJC_ARC = YES;
				CLANG_ENABLE_OBJC_WEAK = YES;
				CLANG_WARN_BLOCK_CAPTURE_AUTORELEASING = YES;
				CLANG_WARN_BOOL_CONVERSION = YES;
				CLANG_WARN_COMMA = YES;
				CLANG_WARN_CONSTANT_CONVERSION = YES;
				CLANG_WARN_DEPRECATED_OBJC_IMPLEMENTATIONS = YES;
				CLANG_WARN_DIRECT_OBJC_ISA_USAGE = YES_ERROR;
				CLANG_WARN_DOCUMENTATION_COMMENTS = YES;
				CLANG_WARN_EMPTY_BODY = YES;
				CLANG_WARN_ENUM_CONVERSION = YES;
				CLANG_WARN_INFINITE_RECURSION = YES;
				CLANG_WARN_INT_CONVERSION = YES;
				CLANG_WARN_NON_LITERAL_NULL_CONVERSION = YES;
				CLANG_WARN_OBJC_IMPLICIT_RETAIN_SELF = YES;
				CLANG_WARN_OBJC_LITERAL_CONVERSION = YES;
				CLANG_WARN_OBJC_ROOT_CLASS = YES_ERROR;
				CLANG_WARN_QUOTED_INCLUDE_IN_FRAMEWORK_HEADER = YES;
				CLANG_WARN_RANGE_LOOP_ANALYSIS = YES;
				CLANG_WARN_STRICT_PROTOTYPES = YES;
				CLANG_WARN_SUSPICIOUS_MOVE = YES;
				CLANG_WARN_UNGUARDED_AVAILABILITY = YES_AGGRESSIVE;
				CLANG_WARN_UNREACHABLE_CODE = YES;
				CLANG_WARN__DUPLICATE_METHOD_MATCH = YES;
				COPY_PHASE_STRIP = NO;
				DEBUG_INFORMATION_FORMAT = "dwarf-with-dsym";
				ENABLE_NS_ASSERTIONS = NO;
				ENABLE_STRICT_OBJC_MSGSEND = YES;
				GCC_C_LANGUAGE_STANDARD = gnu11;
				GCC_NO_COMMON_BLOCKS = YES;
				GCC_WARN_64_TO_32_BIT_CONVERSION = YES;
				GCC_WARN_ABOUT_RETURN_TYPE = YES_ERROR;
				GCC_WARN_UNDECLARED_SELECTOR = YES;
				GCC_WARN_UNINITIALIZED_AUTOS = YES_AGGRESSIVE;
				GCC_WARN_UNUSED_FUNCTION = YES;
				GCC_WARN_UNUSED_VARIABLE = YES;
				IPHONEOS_DEPLOYMENT_TARGET = 15.4;
				MTL_ENABLE_DEBUG_INFO = NO;
				MTL_FAST_MATH = YES;
				SDKROOT = iphoneos;
				SWIFT_COMPILATION_MODE = wholemodule;
				SWIFT_OPTIMIZATION_LEVEL = "-O";
				VALIDATE_PRODUCT = YES;
			};
			name = Release;
		};
		4DA88CEF29E7C45400CEAF63 /* Debug */ = {
			isa = XCBuildConfiguration;
			buildSettings = {
				ASSETCATALOG_COMPILER_APPICON_NAME = AppIcon;
				ASSETCATALOG_COMPILER_GLOBAL_ACCENT_COLOR_NAME = AccentColor;
				CODE_SIGN_STYLE = Automatic;
				CURRENT_PROJECT_VERSION = 1;
				GENERATE_INFOPLIST_FILE = YES;
				INFOPLIST_FILE = "TrendingMovies-MVVM/Info.plist";
				INFOPLIST_KEY_UIApplicationSupportsIndirectInputEvents = YES;
				INFOPLIST_KEY_UILaunchStoryboardName = LaunchScreen;
				INFOPLIST_KEY_UISupportedInterfaceOrientations_iPad = "UIInterfaceOrientationPortrait UIInterfaceOrientationPortraitUpsideDown UIInterfaceOrientationLandscapeLeft UIInterfaceOrientationLandscapeRight";
				INFOPLIST_KEY_UISupportedInterfaceOrientations_iPhone = "UIInterfaceOrientationPortrait UIInterfaceOrientationLandscapeLeft UIInterfaceOrientationLandscapeRight";
				LD_RUNPATH_SEARCH_PATHS = (
					"$(inherited)",
					"@executable_path/Frameworks",
				);
				MARKETING_VERSION = 1.0;
				PRODUCT_BUNDLE_IDENTIFIER = "com.nalinda.TrendingMovies-MVVM";
				PRODUCT_NAME = "$(TARGET_NAME)";
				SWIFT_EMIT_LOC_STRINGS = YES;
				SWIFT_VERSION = 5.0;
				TARGETED_DEVICE_FAMILY = "1,2";
			};
			name = Debug;
		};
		4DA88CF029E7C45400CEAF63 /* Release */ = {
			isa = XCBuildConfiguration;
			buildSettings = {
				ASSETCATALOG_COMPILER_APPICON_NAME = AppIcon;
				ASSETCATALOG_COMPILER_GLOBAL_ACCENT_COLOR_NAME = AccentColor;
				CODE_SIGN_STYLE = Automatic;
				CURRENT_PROJECT_VERSION = 1;
				GENERATE_INFOPLIST_FILE = YES;
				INFOPLIST_FILE = "TrendingMovies-MVVM/Info.plist";
				INFOPLIST_KEY_UIApplicationSupportsIndirectInputEvents = YES;
				INFOPLIST_KEY_UILaunchStoryboardName = LaunchScreen;
				INFOPLIST_KEY_UISupportedInterfaceOrientations_iPad = "UIInterfaceOrientationPortrait UIInterfaceOrientationPortraitUpsideDown UIInterfaceOrientationLandscapeLeft UIInterfaceOrientationLandscapeRight";
				INFOPLIST_KEY_UISupportedInterfaceOrientations_iPhone = "UIInterfaceOrientationPortrait UIInterfaceOrientationLandscapeLeft UIInterfaceOrientationLandscapeRight";
				LD_RUNPATH_SEARCH_PATHS = (
					"$(inherited)",
					"@executable_path/Frameworks",
				);
				MARKETING_VERSION = 1.0;
				PRODUCT_BUNDLE_IDENTIFIER = "com.nalinda.TrendingMovies-MVVM";
				PRODUCT_NAME = "$(TARGET_NAME)";
				SWIFT_EMIT_LOC_STRINGS = YES;
				SWIFT_VERSION = 5.0;
				TARGETED_DEVICE_FAMILY = "1,2";
			};
			name = Release;
		};
/* End XCBuildConfiguration section */

/* Begin XCConfigurationList section */
		4DA88CD529E7C44F00CEAF63 /* Build configuration list for PBXProject "TrendingMovies-MVVM" */ = {
			isa = XCConfigurationList;
			buildConfigurations = (
				4DA88CEC29E7C45400CEAF63 /* Debug */,
				4DA88CED29E7C45400CEAF63 /* Release */,
			);
			defaultConfigurationIsVisible = 0;
			defaultConfigurationName = Release;
		};
		4DA88CEE29E7C45400CEAF63 /* Build configuration list for PBXNativeTarget "TrendingMovies-MVVM" */ = {
			isa = XCConfigurationList;
			buildConfigurations = (
				4DA88CEF29E7C45400CEAF63 /* Debug */,
				4DA88CF029E7C45400CEAF63 /* Release */,
			);
			defaultConfigurationIsVisible = 0;
			defaultConfigurationName = Release;
		};
/* End XCConfigurationList section */
	};
	rootObject = 4DA88CD229E7C44F00CEAF63 /* Project object */;
}
